
Microsoft Visual Studio Solution File, Format Version 12.00
# Visual Studio Version 16
VisualStudioVersion = 16.0.31911.196
MinimumVisualStudioVersion = 10.0.40219.1
Project("{FAE04EC0-301F-11D3-BF4B-00C04F79EFBC}") = "Lesson_8.1", "Lesson_8\Lesson_8.1.csproj", "{42B80628-EB14-427A-819B-B0F361ED1402}"
EndProject
Project("{FAE04EC0-301F-11D3-BF4B-00C04F79EFBC}") = "Lesson_8.2", "Lesson_8.2\Lesson_8.2.csproj", "{9AFE22C3-D36E-45E2-A500-077B533BC4C2}"
EndProject
Global
	GlobalSection(SolutionConfigurationPlatforms) = preSolution
		Debug|Any CPU = Debug|Any CPU
		Release|Any CPU = Release|Any CPU
	EndGlobalSection
	GlobalSection(ProjectConfigurationPlatforms) = postSolution
		{42B80628-EB14-427A-819B-B0F361ED1402}.Debug|Any CPU.ActiveCfg = Debug|Any CPU
		{42B80628-EB14-427A-819B-B0F361ED1402}.Debug|Any CPU.Build.0 = Debug|Any CPU
		{42B80628-EB14-427A-819B-B0F361ED1402}.Release|Any CPU.ActiveCfg = Release|Any CPU
		{42B80628-EB14-427A-819B-B0F361ED1402}.Release|Any CPU.Build.0 = Release|Any CPU
		{9AFE22C3-D36E-45E2-A500-077B533BC4C2}.Debug|Any CPU.ActiveCfg = Debug|Any CPU
		{9AFE22C3-D36E-45E2-A500-077B533BC4C2}.Debug|Any CPU.Build.0 = Debug|Any CPU
		{9AFE22C3-D36E-45E2-A500-077B533BC4C2}.Release|Any CPU.ActiveCfg = Release|Any CPU
		{9AFE22C3-D36E-45E2-A500-077B533BC4C2}.Release|Any CPU.Build.0 = Release|Any CPU
	EndGlobalSection
	GlobalSection(SolutionProperties) = preSolution
		HideSolutionNode = FALSE
	EndGlobalSection
	GlobalSection(ExtensibilityGlobals) = postSolution
		SolutionGuid = {E686D916-A075-4B92-83D4-5DF77E813956}
	EndGlobalSection
EndGlobal
